github.com/creack/pty v1.1.24 h1:bJrF4RRfyJnbTJqzRLHzcGaZK1NeM5kTC9jGgovnR1s=
github.com/creack/pty v1.1.24/go.mod h1:08sCNb52WyoAwi2QDyzUCTgcvVFhUzewun7wtTfvcwE=
github.com/go-opentype/opentype v0.1.0 h1:ok3QZb2t1xjIOhDaqtvOhZ/rCvY62ng927ckygfrbQg=
github.com/go-opentype/opentype v0.1.0/go.mod h1:AOixevJf7XQaH7+WG+OMIOZEbYPXfMqklVk26Y6YTUU=
github.com/go-widgets/painter v0.1.3 h1:50oeDH76vMUlxQ8117wMFf5MGuAJlq5n2JeVS+QlpnM=
github.com/go-widgets/painter v0.1.3/go.mod h1:ccmlkH2UmcXQh6rt9Fu2eDt2RI0B5V0POaGmUKeW0EQ=
github.com/go-widgets/toolkit v0.42.0 h1:V5PMrr9HtET+xZ4dw+IpEaCHmBLdwnwAxWSgXW5qP44=
github.com/go-widgets/toolkit v0.42.0/go.mod h1:a1AJKQhbhBswu7L5mnTRE4OfCu2Tf5OKkoKCeFrteO0=
golang.org/x/sys v0.46.0 h1:noSf2Fq6F8DBgS+LysIkx7rIExoNHJsxOAtPp4rthXw=
golang.org/x/sys v0.46.0/go.mod h1:4GL1E5IUh+htKOUEOaiffhrAeqysfVGipDYzABqnCmw=
golang.org/x/term v0.44.0 h1:0rLvDRCtNj0gZkyIXhCyOb2OAzEhLVqc4B+hrsBhrmc=
golang.org/x/term v0.44.0/go.mod h1:7ze4MdzUzLXpSAoFP1H0bOI9aXDqveSvatT5vKcFh2Y=
